// !$*UTF8*$!
{
	archiveVersion = 1;
	classes = {
	};
	objectVersion = 50;
	objects = {

/* Begin PBXBuildFile section */
		534A14C026BB5D3F0075280A /* AppDelegate.swift in Sources */ = {isa = PBXBuildFile; fileRef = 534A14BF26BB5D3F0075280A /* AppDelegate.swift */; };
		534A14C226BB5D3F0075280A /* SceneDelegate.swift in Sources */ = {isa = PBXBuildFile; fileRef = 534A14C126BB5D3F0075280A /* SceneDelegate.swift */; };
		534A14CA26BB5D3F0075280A /* MVVMExample.xcdatamodeld in Sources */ = {isa = PBXBuildFile; fileRef = 534A14C826BB5D3F0075280A /* MVVMExample.xcdatamodeld */; };
		534A14CC26BB5D400075280A /* Assets.xcassets in Resources */ = {isa = PBXBuildFile; fileRef = 534A14CB26BB5D400075280A /* Assets.xcassets */; };
		534A14CF26BB5D400075280A /* LaunchScreen.storyboard in Resources */ = {isa = PBXBuildFile; fileRef = 534A14CD26BB5D400075280A /* LaunchScreen.storyboard */; };
		534A14DD26BB5DF20075280A /* UsersTableViewController.swift in Sources */ = {isa = PBXBuildFile; fileRef = 534A14DC26BB5DF20075280A /* UsersTableViewController.swift */; };
		534A14DF26BB5E0E0075280A /* UsersViewModel.swift in Sources */ = {isa = PBXBuildFile; fileRef = 534A14DE26BB5E0E0075280A /* UsersViewModel.swift */; };
		534A14E326BB65F00075280A /* UserRestService.swift in Sources */ = {isa = PBXBuildFile; fileRef = 534A14E226BB65F00075280A /* UserRestService.swift */; };
/* End PBXBuildFile section */

/* Begin PBXFileReference section */
		534A14BC26BB5D3F0075280A /* MVVMExample.app */ = {isa = PBXFileReference; explicitFileType = wrapper.application; includeInIndex = 0; path = MVVMExample.app; sourceTree = BUILT_PRODUCTS_DIR; };
		534A14BF26BB5D3F0075280A /* AppDelegate.swift */ = {isa = PBXFileReference; lastKnownFileType = sourcecode.swift; path = AppDelegate.swift; sourceTree = "<group>"; };
		534A14C126BB5D3F0075280A /* SceneDelegate.swift */ = {isa = PBXFileReference; lastKnownFileType = sourcecode.swift; path = SceneDelegate.swift; sourceTree = "<group>"; };
		534A14C926BB5D3F0075280A /* MVVMExample.xcdatamodel */ = {isa = PBXFileReference; lastKnownFileType = wrapper.xcdatamodel; path = MVVMExample.xcdatamodel; sourceTree = "<group>"; };
		534A14CB26BB5D400075280A /* Assets.xcassets */ = {isa = PBXFileReference; lastKnownFileType = folder.assetcatalog; path = Assets.xcassets; sourceTree = "<group>"; };
		534A14CE26BB5D400075280A /* Base */ = {isa = PBXFileReference; lastKnownFileType = file.storyboard; name = Base; path = Base.lproj/LaunchScreen.storyboard; sourceTree = "<group>"; };
		534A14D026BB5D400075280A /* Info.plist */ = {isa = PBXFileReference; lastKnownFileType = text.plist.xml; path = Info.plist; sourceTree = "<group>"; };
		534A14DC26BB5DF20075280A /* UsersTableViewController.swift */ = {isa = PBXFileReference; lastKnownFileType = sourcecode.swift; path = UsersTableViewController.swift; sourceTree = "<group>"; };
		534A14DE26BB5E0E0075280A /* UsersViewModel.swift */ = {isa = PBXFileReference; lastKnownFileType = sourcecode.swift; path = UsersViewModel.swift; sourceTree = "<group>"; };
		534A14E226BB65F00075280A /* UserRestService.swift */ = {isa = PBXFileReference; lastKnownFileType = sourcecode.swift; path = UserRestService.swift; sourceTree = "<group>"; };
/* End PBXFileReference section */

/* Begin PBXFrameworksBuildPhase section */
		534A14B926BB5D3F0075280A /* Frameworks */ = {
			isa = PBXFrameworksBuildPhase;
			buildActionMask = 2147483647;
			files = (
			);
			runOnlyForDeploymentPostprocessing = 0;
		};
/* End PBXFrameworksBuildPhase section */

/* Begin PBXGroup section */
		534A14B326BB5D3F0075280A = {
			isa = PBXGroup;
			children = (
				534A14BE26BB5D3F0075280A /* MVVMExample */,
				534A14BD26BB5D3F0075280A /* Products */,
			);
			sourceTree = "<group>";
		};
		534A14BD26BB5D3F0075280A /* Products */ = {
			isa = PBXGroup;
			children = (
				534A14BC26BB5D3F0075280A /* MVVMExample.app */,
			);
			name = Products;
			sourceTree = "<group>";
		};
		534A14BE26BB5D3F0075280A /* MVVMExample */ = {
			isa = PBXGroup;
			children = (
				534A14D626BB5D650075280A /* App */,
				534A14D826BB5D860075280A /* Repository */,
				534A14D726BB5D710075280A /* Scenes */,
			);
			path = MVVMExample;
			sourceTree = "<group>";
		};
		534A14D626BB5D650075280A /* App */ = {
			isa = PBXGroup;
			children = (
				534A14D026BB5D400075280A /* Info.plist */,
				534A14BF26BB5D3F0075280A /* AppDelegate.swift */,
				534A14C126BB5D3F0075280A /* SceneDelegate.swift */,
				534A14CB26BB5D400075280A /* Assets.xcassets */,
				534A14CD26BB5D400075280A /* LaunchScreen.storyboard */,
			);
			path = App;
			sourceTree = "<group>";
		};
		534A14D726BB5D710075280A /* Scenes */ = {
			isa = PBXGroup;
			children = (
				534A14DB26BB5DB40075280A /* Users */,
			);
			path = Scenes;
			sourceTree = "<group>";
		};
		534A14D826BB5D860075280A /* Repository */ = {
			isa = PBXGroup;
			children = (
				534A14DA26BB5D9B0075280A /* CoreData */,
				534A14D926BB5D8F0075280A /* RestAPI */,
			);
			path = Repository;
			sourceTree = "<group>";
		};
		534A14D926BB5D8F0075280A /* RestAPI */ = {
			isa = PBXGroup;
			children = (
				534A14E226BB65F00075280A /* UserRestService.swift */,
			);
			path = RestAPI;
			sourceTree = "<group>";
		};
		534A14DA26BB5D9B0075280A /* CoreData */ = {
			isa = PBXGroup;
			children = (
				534A14C826BB5D3F0075280A /* MVVMExample.xcdatamodeld */,
			);
			path = CoreData;
			sourceTree = "<group>";
		};
		534A14DB26BB5DB40075280A /* Users */ = {
			isa = PBXGroup;
			children = (
				534A14DC26BB5DF20075280A /* UsersTableViewController.swift */,
				534A14DE26BB5E0E0075280A /* UsersViewModel.swift */,
			);
			path = Users;
			sourceTree = "<group>";
		};
/* End PBXGroup section */

/* Begin PBXNativeTarget section */
		534A14BB26BB5D3F0075280A /* MVVMExample */ = {
			isa = PBXNativeTarget;
			buildConfigurationList = 534A14D326BB5D400075280A /* Build configuration list for PBXNativeTarget "MVVMExample" */;
			buildPhases = (
				534A14B826BB5D3F0075280A /* Sources */,
				534A14B926BB5D3F0075280A /* Frameworks */,
				534A14BA26BB5D3F0075280A /* Resources */,
			);
			buildRules = (
			);
			dependencies = (
			);
			name = MVVMExample;
			productName = MVVMExample;
			productReference = 534A14BC26BB5D3F0075280A /* MVVMExample.app */;
			productType = "com.apple.product-type.application";
		};
/* End PBXNativeTarget section */

/* Begin PBXProject section */
		534A14B426BB5D3F0075280A /* Project object */ = {
			isa = PBXProject;
			attributes = {
				LastSwiftUpdateCheck = 1250;
				LastUpgradeCheck = 1250;
				TargetAttributes = {
					534A14BB26BB5D3F0075280A = {
						CreatedOnToolsVersion = 12.5.1;
					};
				};
			};
			buildConfigurationList = 534A14B726BB5D3F0075280A /* Build configuration list for PBXProject "MVVMExample" */;
			compatibilityVersion = "Xcode 9.3";
			developmentRegion = en;
			hasScannedForEncodings = 0;
			knownRegions = (
				en,
				Base,
			);
			mainGroup = 534A14B326BB5D3F0075280A;
			productRefGroup = 534A14BD26BB5D3F0075280A /* Products */;
			projectDirPath = "";
			projectRoot = "";
			targets = (
				534A14BB26BB5D3F0075280A /* MVVMExample */,
			);
		};
/* End PBXProject section */

/* Begin PBXResourcesBuildPhase section */
		534A14BA26BB5D3F0075280A /* Resources */ = {
			isa = PBXResourcesBuildPhase;
			buildActionMask = 2147483647;
			files = (
				534A14CF26BB5D400075280A /* LaunchScreen.storyboard in Resources */,
				534A14CC26BB5D400075280A /* Assets.xcassets in Resources */,
			);
			runOnlyForDeploymentPostprocessing = 0;
		};
/* End PBXResourcesBuildPhase section */

/* Begin PBXSourcesBuildPhase section */
		534A14B826BB5D3F0075280A /* Sources */ = {
			isa = PBXSourcesBuildPhase;
			buildActionMask = 2147483647;
			files = (
				534A14DF26BB5E0E0075280A /* UsersViewModel.swift in Sources */,
				534A14DD26BB5DF20075280A /* UsersTableViewController.swift in Sources */,
				534A14C026BB5D3F0075280A /* AppDelegate.swift in Sources */,
				534A14CA26BB5D3F0075280A /* MVVMExample.xcdatamodeld in Sources */,
				534A14C226BB5D3F0075280A /* SceneDelegate.swift in Sources */,
				534A14E326BB65F00075280A /* UserRestService.swift in Sources */,
			);
			runOnlyForDeploymentPostprocessing = 0;
		};
/* End PBXSourcesBuildPhase section */

/* Begin PBXVariantGroup section */
		534A14CD26BB5D400075280A /* LaunchScreen.storyboard */ = {
			isa = PBXVariantGroup;
			children = (
				534A14CE26BB5D400075280A /* Base */,
			);
			name = LaunchScreen.storyboard;
			sourceTree = "<group>";
		};
/* End PBXVariantGroup section */

/* Begin XCBuildConfiguration section */
		534A14D126BB5D400075280A /* Debug */ = {
			isa = XCBuildConfiguration;
			buildSettings = {
				ALWAYS_SEARCH_USER_PATHS = NO;
				CLANG_ANALYZER_NONNULL = YES;
				CLANG_ANALYZER_NUMBER_OBJECT_CONVERSION = YES_AGGRESSIVE;
				CLANG_CXX_LANGUAGE_STANDARD = "gnu++14";
				CLANG_CXX_LIBRARY = "libc++";
				CLANG_ENABLE_MODULES = YES;
				CLANG_ENABLE_OBJC_ARC = YES;
				CLANG_ENABLE_OBJC_WEAK = YES;
				CLANG_WARN_BLOCK_CAPTURE_AUTORELEASING = YES;
				CLANG_WARN_BOOL_CONVERSION = YES;
				CLANG_WARN_COMMA = YES;
				CLANG_WARN_CONSTANT_CONVERSION = YES;
				CLANG_WARN_DEPRECATED_OBJC_IMPLEMENTATIONS = YES;
				CLANG_WARN_DIRECT_OBJC_ISA_USAGE = YES_ERROR;
				CLANG_WARN_DOCUMENTATION_COMMENTS = YES;
				CLANG_WARN_EMPTY_BODY = YES;
				CLANG_WARN_ENUM_CONVERSION = YES;
				CLANG_WARN_INFINITE_RECURSION = YES;
				CLANG_WARN_INT_CONVERSION = YES;
				CLANG_WARN_NON_LITERAL_NULL_CONVERSION = YES;
				CLANG_WARN_OBJC_IMPLICIT_RETAIN_SELF = YES;
				CLANG_WARN_OBJC_LITERAL_CONVERSION = YES;
				CLANG_WARN_OBJC_ROOT_CLASS = YES_ERROR;
				CLANG_WARN_QUOTED_INCLUDE_IN_FRAMEWORK_HEADER = YES;
				CLANG_WARN_RANGE_LOOP_ANALYSIS = YES;
				CLANG_WARN_STRICT_PROTOTYPES = YES;
				CLANG_WARN_SUSPICIOUS_MOVE = YES;
				CLANG_WARN_UNGUARDED_AVAILABILITY = YES_AGGRESSIVE;
				CLANG_WARN_UNREACHABLE_CODE = YES;
				CLANG_WARN__DUPLICATE_METHOD_MATCH = YES;
				COPY_PHASE_STRIP = NO;
				DEBUG_INFORMATION_FORMAT = dwarf;
				ENABLE_STRICT_OBJC_MSGSEND = YES;
				ENABLE_TESTABILITY = YES;
				GCC_C_LANGUAGE_STANDARD = gnu11;
				GCC_DYNAMIC_NO_PIC = NO;
				GCC_NO_COMMON_BLOCKS = YES;
				GCC_OPTIMIZATION_LEVEL = 0;
				GCC_PREPROCESSOR_DEFINITIONS = (
					"DEBUG=1",
					"$(inherited)",
				);
				GCC_WARN_64_TO_32_BIT_CONVERSION = YES;
				GCC_WARN_ABOUT_RETURN_TYPE = YES_ERROR;
				GCC_WARN_UNDECLARED_SELECTOR = YES;
				GCC_WARN_UNINITIALIZED_AUTOS = YES_AGGRESSIVE;
				GCC_WARN_UNUSED_FUNCTION = YES;
				GCC_WARN_UNUSED_VARIABLE = YES;
				IPHONEOS_DEPLOYMENT_TARGET = 14.5;
				MTL_ENABLE_DEBUG_INFO = INCLUDE_SOURCE;
				MTL_FAST_MATH = YES;
				ONLY_ACTIVE_ARCH = YES;
				SDKROOT = iphoneos;
				SWIFT_ACTIVE_COMPILATION_CONDITIONS = DEBUG;
				SWIFT_OPTIMIZATION_LEVEL = "-Onone";
			};
			name = Debug;
		};
		534A14D226BB5D400075280A /* Release */ = {
			isa = XCBuildConfiguration;
			buildSettings = {
				ALWAYS_SEARCH_USER_PATHS = NO;
				CLANG_ANALYZER_NONNULL = YES;
				CLANG_ANALYZER_NUMBER_OBJECT_CONVERSION = YES_AGGRESSIVE;
				CLANG_CXX_LANGUAGE_STANDARD = "gnu++14";
				CLANG_CXX_LIBRARY = "libc++";
				CLANG_ENABLE_MODULES = YES;
				CLANG_ENABLE_OBJC_ARC = YES;
				CLANG_ENABLE_OBJC_WEAK = YES;
				CLANG_WARN_BLOCK_CAPTURE_AUTORELEASING = YES;
				CLANG_WARN_BOOL_CONVERSION = YES;
				CLANG_WARN_COMMA = YES;
				CLANG_WARN_CONSTANT_CONVERSION = YES;
				CLANG_WARN_DEPRECATED_OBJC_IMPLEMENTATIONS = YES;
				CLANG_WARN_DIRECT_OBJC_ISA_USAGE = YES_ERROR;
				CLANG_WARN_DOCUMENTATION_COMMENTS = YES;
				CLANG_WARN_EMPTY_BODY = YES;
				CLANG_WARN_ENUM_CONVERSION = YES;
				CLANG_WARN_INFINITE_RECURSION = YES;
				CLANG_WARN_INT_CONVERSION = YES;
				CLANG_WARN_NON_LITERAL_NULL_CONVERSION = YES;
				CLANG_WARN_OBJC_IMPLICIT_RETAIN_SELF = YES;
				CLANG_WARN_OBJC_LITERAL_CONVERSION = YES;
				CLANG_WARN_OBJC_ROOT_CLASS = YES_ERROR;
				CLANG_WARN_QUOTED_INCLUDE_IN_FRAMEWORK_HEADER = YES;
				CLANG_WARN_RANGE_LOOP_ANALYSIS = YES;
				CLANG_WARN_STRICT_PROTOTYPES = YES;
				CLANG_WARN_SUSPICIOUS_MOVE = YES;
				CLANG_WARN_UNGUARDED_AVAILABILITY = YES_AGGRESSIVE;
				CLANG_WARN_UNREACHABLE_CODE = YES;
				CLANG_WARN__DUPLICATE_METHOD_MATCH = YES;
				COPY_PHASE_STRIP = NO;
				DEBUG_INFORMATION_FORMAT = "dwarf-with-dsym";
				ENABLE_NS_ASSERTIONS = NO;
				ENABLE_STRICT_OBJC_MSGSEND = YES;
				GCC_C_LANGUAGE_STANDARD = gnu11;
				GCC_NO_COMMON_BLOCKS = YES;
				GCC_WARN_64_TO_32_BIT_CONVERSION = YES;
				GCC_WARN_ABOUT_RETURN_TYPE = YES_ERROR;
				GCC_WARN_UNDECLARED_SELECTOR = YES;
				GCC_WARN_UNINITIALIZED_AUTOS = YES_AGGRESSIVE;
				GCC_WARN_UNUSED_FUNCTION = YES;
				GCC_WARN_UNUSED_VARIABLE = YES;
				IPHONEOS_DEPLOYMENT_TARGET = 14.5;
				MTL_ENABLE_DEBUG_INFO = NO;
				MTL_FAST_MATH = YES;
				SDKROOT = iphoneos;
				SWIFT_COMPILATION_MODE = wholemodule;
				SWIFT_OPTIMIZATION_LEVEL = "-O";
				VALIDATE_PRODUCT = YES;
			};
			name = Release;
		};
		534A14D426BB5D400075280A /* Debug */ = {
			isa = XCBuildConfiguration;
			buildSettings = {
				ASSETCATALOG_COMPILER_APPICON_NAME = AppIcon;
				ASSETCATALOG_COMPILER_GLOBAL_ACCENT_COLOR_NAME = AccentColor;
				CODE_SIGN_STYLE = Automatic;
				DEVELOPMENT_TEAM = 6T949B9B66;
				INFOPLIST_FILE = MVVMExample/App/Info.plist;
				LD_RUNPATH_SEARCH_PATHS = (
					"$(inherited)",
					"@executable_path/Frameworks",
				);
				PRODUCT_BUNDLE_IDENTIFIER = vn.bvc.MVVMExample;
				PRODUCT_NAME = "$(TARGET_NAME)";
				SWIFT_VERSION = 5.0;
				TARGETED_DEVICE_FAMILY = "1,2";
			};
			name = Debug;
		};
		534A14D526BB5D400075280A /* Release */ = {
			isa = XCBuildConfiguration;
			buildSettings = {
				ASSETCATALOG_COMPILER_APPICON_NAME = AppIcon;
				ASSETCATALOG_COMPILER_GLOBAL_ACCENT_COLOR_NAME = AccentColor;
				CODE_SIGN_STYLE = Automatic;
				DEVELOPMENT_TEAM = 6T949B9B66;
				INFOPLIST_FILE = MVVMExample/App/Info.plist;
				LD_RUNPATH_SEARCH_PATHS = (
					"$(inherited)",
					"@executable_path/Frameworks",
				);
				PRODUCT_BUNDLE_IDENTIFIER = vn.bvc.MVVMExample;
				PRODUCT_NAME = "$(TARGET_NAME)";
				SWIFT_VERSION = 5.0;
				TARGETED_DEVICE_FAMILY = "1,2";
			};
			name = Release;
		};
/* End XCBuildConfiguration section */

/* Begin XCConfigurationList section */
		534A14B726BB5D3F0075280A /* Build configuration list for PBXProject "MVVMExample" */ = {
			isa = XCConfigurationList;
			buildConfigurations = (
				534A14D126BB5D400075280A /* Debug */,
				534A14D226BB5D400075280A /* Release */,
			);
			defaultConfigurationIsVisible = 0;
			defaultConfigurationName = Release;
		};
		534A14D326BB5D400075280A /* Build configuration list for PBXNativeTarget "MVVMExample" */ = {
			isa = XCConfigurationList;
			buildConfigurations = (
				534A14D426BB5D400075280A /* Debug */,
				534A14D526BB5D400075280A /* Release */,
			);
			defaultConfigurationIsVisible = 0;
			defaultConfigurationName = Release;
		};
/* End XCConfigurationList section */

/* Begin XCVersionGroup section */
		534A14C826BB5D3F0075280A /* MVVMExample.xcdatamodeld */ = {
			isa = XCVersionGroup;
			children = (
				534A14C926BB5D3F0075280A /* MVVMExample.xcdatamodel */,
			);
			currentVersion = 534A14C926BB5D3F0075280A /* MVVMExample.xcdatamodel */;
			path = MVVMExample.xcdatamodeld;
			sourceTree = "<group>";
			versionGroupType = wrapper.xcdatamodel;
		};
/* End XCVersionGroup section */
	};
	rootObject = 534A14B426BB5D3F0075280A /* Project object */;
}
